
Microsoft Visual Studio Solution File, Format Version 12.00
# Visual Studio 14
VisualStudioVersion = 14.0.25123.0
MinimumVisualStudioVersion = 10.0.40219.1
Project("{FAE04EC0-301F-11D3-BF4B-00C04F79EFBC}") = "DBHelper", "DBHelper\DBHelper.csproj", "{60232BA6-9257-4A2A-A804-EFAD4DC5FE4D}"
EndProject
Project("{FAE04EC0-301F-11D3-BF4B-00C04F79EFBC}") = "Api", "Api\Api.csproj", "{96433B03-CCFC-4A5C-B0C3-C5817EA8B914}"
EndProject
Project("{FAE04EC0-301F-11D3-BF4B-00C04F79EFBC}") = "Admin", "Admin\Admin.csproj", "{4085AA90-24E4-4764-97E0-9BF426513A85}"
	ProjectSection(ProjectDependencies) = postProject
		{96433B03-CCFC-4A5C-B0C3-C5817EA8B914} = {96433B03-CCFC-4A5C-B0C3-C5817EA8B914}
		{60232BA6-9257-4A2A-A804-EFAD4DC5FE4D} = {60232BA6-9257-4A2A-A804-EFAD4DC5FE4D}
		{0FE1BEB3-295C-4908-9B3C-81C7E4727F9C} = {0FE1BEB3-295C-4908-9B3C-81C7E4727F9C}
	EndProjectSection
EndProject
Project("{FAE04EC0-301F-11D3-BF4B-00C04F79EFBC}") = "Entity", "Utility\Entity.csproj", "{0FE1BEB3-295C-4908-9B3C-81C7E4727F9C}"
EndProject
Global
	GlobalSection(SolutionConfigurationPlatforms) = preSolution
		Debug|Any CPU = Debug|Any CPU
		Release|Any CPU = Release|Any CPU
	EndGlobalSection
	GlobalSection(ProjectConfigurationPlatforms) = postSolution
		{60232BA6-9257-4A2A-A804-EFAD4DC5FE4D}.Debug|Any CPU.ActiveCfg = Debug|Any CPU
		{60232BA6-9257-4A2A-A804-EFAD4DC5FE4D}.Debug|Any CPU.Build.0 = Debug|Any CPU
		{60232BA6-9257-4A2A-A804-EFAD4DC5FE4D}.Release|Any CPU.ActiveCfg = Release|Any CPU
		{60232BA6-9257-4A2A-A804-EFAD4DC5FE4D}.Release|Any CPU.Build.0 = Release|Any CPU
		{96433B03-CCFC-4A5C-B0C3-C5817EA8B914}.Debug|Any CPU.ActiveCfg = Debug|Any CPU
		{96433B03-CCFC-4A5C-B0C3-C5817EA8B914}.Debug|Any CPU.Build.0 = Debug|Any CPU
		{96433B03-CCFC-4A5C-B0C3-C5817EA8B914}.Release|Any CPU.ActiveCfg = Release|Any CPU
		{96433B03-CCFC-4A5C-B0C3-C5817EA8B914}.Release|Any CPU.Build.0 = Release|Any CPU
		{4085AA90-24E4-4764-97E0-9BF426513A85}.Debug|Any CPU.ActiveCfg = Debug|Any CPU
		{4085AA90-24E4-4764-97E0-9BF426513A85}.Debug|Any CPU.Build.0 = Debug|Any CPU
		{4085AA90-24E4-4764-97E0-9BF426513A85}.Release|Any CPU.ActiveCfg = Release|Any CPU
		{4085AA90-24E4-4764-97E0-9BF426513A85}.Release|Any CPU.Build.0 = Release|Any CPU
		{0FE1BEB3-295C-4908-9B3C-81C7E4727F9C}.Debug|Any CPU.ActiveCfg = Debug|Any CPU
		{0FE1BEB3-295C-4908-9B3C-81C7E4727F9C}.Debug|Any CPU.Build.0 = Debug|Any CPU
		{0FE1BEB3-295C-4908-9B3C-81C7E4727F9C}.Release|Any CPU.ActiveCfg = Release|Any CPU
		{0FE1BEB3-295C-4908-9B3C-81C7E4727F9C}.Release|Any CPU.Build.0 = Release|Any CPU
	EndGlobalSection
	GlobalSection(SolutionProperties) = preSolution
		HideSolutionNode = FALSE
	EndGlobalSection
	GlobalSection(TeamFoundationVersionControl) = preSolution
		SccNumberOfProjects = 5
		SccEnterpriseProvider = {4CA58AB2-18FA-4F8D-95D4-32DDF27D184C}
		SccTeamFoundationServer = https://5cm.visualstudio.com/defaultcollection
		SccLocalPath0 = .
		SccProjectUniqueName1 = Admin\\Admin.csproj
		SccProjectName1 = Admin
		SccLocalPath1 = Admin
		SccProjectUniqueName2 = Api\\Api.csproj
		SccProjectName2 = Api
		SccLocalPath2 = Api
		SccProjectUniqueName3 = DBHelper\\DBHelper.csproj
		SccProjectName3 = DBHelper
		SccLocalPath3 = DBHelper
		SccProjectUniqueName4 = Utility\\Entity.csproj
		SccProjectName4 = Utility
		SccLocalPath4 = Utility
	EndGlobalSection
EndGlobal
